// !$*UTF8*$!
{
	archiveVersion = 1;
	classes = {
	};
	objectVersion = 46;
	objects = {

/* Begin PBXBuildFile section */
		EB653FAF1A83C7E40015430D /* AppDelegate.swift in Sources */ = {isa = PBXBuildFile; fileRef = EB653FAE1A83C7E40015430D /* AppDelegate.swift */; };
		EB653FB11A83C7E40015430D /* ViewController.swift in Sources */ = {isa = PBXBuildFile; fileRef = EB653FB01A83C7E40015430D /* ViewController.swift */; };
		EB653FB41A83C7E40015430D /* Main.storyboard in Resources */ = {isa = PBXBuildFile; fileRef = EB653FB21A83C7E40015430D /* Main.storyboard */; };
		EB653FB61A83C7E40015430D /* Images.xcassets in Resources */ = {isa = PBXBuildFile; fileRef = EB653FB51A83C7E40015430D /* Images.xcassets */; };
		EB653FB91A83C7E40015430D /* LaunchScreen.xib in Resources */ = {isa = PBXBuildFile; fileRef = EB653FB71A83C7E40015430D /* LaunchScreen.xib */; };
		EB653FC51A83C7E40015430D /* TestViewControllerTests.swift in Sources */ = {isa = PBXBuildFile; fileRef = EB653FC41A83C7E40015430D /* TestViewControllerTests.swift */; };
		EB653FCF1A83C82C0015430D /* MyOtherViewController.swift in Sources */ = {isa = PBXBuildFile; fileRef = EB653FCE1A83C82C0015430D /* MyOtherViewController.swift */; };
/* End PBXBuildFile section */

/* Begin PBXContainerItemProxy section */
		EB653FBF1A83C7E40015430D /* PBXContainerItemProxy */ = {
			isa = PBXContainerItemProxy;
			containerPortal = EB653FA11A83C7E40015430D /* Project object */;
			proxyType = 1;
			remoteGlobalIDString = EB653FA81A83C7E40015430D;
			remoteInfo = TestViewController;
		};
/* End PBXContainerItemProxy section */

/* Begin PBXFileReference section */
		EB653FA91A83C7E40015430D /* TestViewController.app */ = {isa = PBXFileReference; explicitFileType = wrapper.application; includeInIndex = 0; path = TestViewController.app; sourceTree = BUILT_PRODUCTS_DIR; };
		EB653FAD1A83C7E40015430D /* Info.plist */ = {isa = PBXFileReference; lastKnownFileType = text.plist.xml; path = Info.plist; sourceTree = "<group>"; };
		EB653FAE1A83C7E40015430D /* AppDelegate.swift */ = {isa = PBXFileReference; lastKnownFileType = sourcecode.swift; path = AppDelegate.swift; sourceTree = "<group>"; };
		EB653FB01A83C7E40015430D /* ViewController.swift */ = {isa = PBXFileReference; lastKnownFileType = sourcecode.swift; path = ViewController.swift; sourceTree = "<group>"; };
		EB653FB31A83C7E40015430D /* Base */ = {isa = PBXFileReference; lastKnownFileType = file.storyboard; name = Base; path = Base.lproj/Main.storyboard; sourceTree = "<group>"; };
		EB653FB51A83C7E40015430D /* Images.xcassets */ = {isa = PBXFileReference; lastKnownFileType = folder.assetcatalog; path = Images.xcassets; sourceTree = "<group>"; };
		EB653FB81A83C7E40015430D /* Base */ = {isa = PBXFileReference; lastKnownFileType = file.xib; name = Base; path = Base.lproj/LaunchScreen.xib; sourceTree = "<group>"; };
		EB653FBE1A83C7E40015430D /* TestViewControllerTests.xctest */ = {isa = PBXFileReference; explicitFileType = wrapper.cfbundle; includeInIndex = 0; path = TestViewControllerTests.xctest; sourceTree = BUILT_PRODUCTS_DIR; };
		EB653FC31A83C7E40015430D /* Info.plist */ = {isa = PBXFileReference; lastKnownFileType = text.plist.xml; path = Info.plist; sourceTree = "<group>"; };
		EB653FC41A83C7E40015430D /* TestViewControllerTests.swift */ = {isa = PBXFileReference; lastKnownFileType = sourcecode.swift; path = TestViewControllerTests.swift; sourceTree = "<group>"; };
		EB653FCE1A83C82C0015430D /* MyOtherViewController.swift */ = {isa = PBXFileReference; fileEncoding = 4; lastKnownFileType = sourcecode.swift; path = MyOtherViewController.swift; sourceTree = "<group>"; };
/* End PBXFileReference section */

/* Begin PBXFrameworksBuildPhase section */
		EB653FA61A83C7E40015430D /* Frameworks */ = {
			isa = PBXFrameworksBuildPhase;
			buildActionMask = 2147483647;
			files = (
			);
			runOnlyForDeploymentPostprocessing = 0;
		};
		EB653FBB1A83C7E40015430D /* Frameworks */ = {
			isa = PBXFrameworksBuildPhase;
			buildActionMask = 2147483647;
			files = (
			);
			runOnlyForDeploymentPostprocessing = 0;
		};
/* End PBXFrameworksBuildPhase section */

/* Begin PBXGroup section */
		EB653FA01A83C7E40015430D = {
			isa = PBXGroup;
			children = (
				EB653FAB1A83C7E40015430D /* TestViewController */,
				EB653FC11A83C7E40015430D /* TestViewControllerTests */,
				EB653FAA1A83C7E40015430D /* Products */,
			);
			sourceTree = "<group>";
		};
		EB653FAA1A83C7E40015430D /* Products */ = {
			isa = PBXGroup;
			children = (
				EB653FA91A83C7E40015430D /* TestViewController.app */,
				EB653FBE1A83C7E40015430D /* TestViewControllerTests.xctest */,
			);
			name = Products;
			sourceTree = "<group>";
		};
		EB653FAB1A83C7E40015430D /* TestViewController */ = {
			isa = PBXGroup;
			children = (
				EB653FAE1A83C7E40015430D /* AppDelegate.swift */,
				EB653FB01A83C7E40015430D /* ViewController.swift */,
				EB653FCE1A83C82C0015430D /* MyOtherViewController.swift */,
				EB653FB21A83C7E40015430D /* Main.storyboard */,
				EB653FB51A83C7E40015430D /* Images.xcassets */,
				EB653FB71A83C7E40015430D /* LaunchScreen.xib */,
				EB653FAC1A83C7E40015430D /* Supporting Files */,
			);
			path = TestViewController;
			sourceTree = "<group>";
		};
		EB653FAC1A83C7E40015430D /* Supporting Files */ = {
			isa = PBXGroup;
			children = (
				EB653FAD1A83C7E40015430D /* Info.plist */,
			);
			name = "Supporting Files";
			sourceTree = "<group>";
		};
		EB653FC11A83C7E40015430D /* TestViewControllerTests */ = {
			isa = PBXGroup;
			children = (
				EB653FC41A83C7E40015430D /* TestViewControllerTests.swift */,
				EB653FC21A83C7E40015430D /* Supporting Files */,
			);
			path = TestViewControllerTests;
			sourceTree = "<group>";
		};
		EB653FC21A83C7E40015430D /* Supporting Files */ = {
			isa = PBXGroup;
			children = (
				EB653FC31A83C7E40015430D /* Info.plist */,
			);
			name = "Supporting Files";
			sourceTree = "<group>";
		};
/* End PBXGroup section */

/* Begin PBXNativeTarget section */
		EB653FA81A83C7E40015430D /* TestViewController */ = {
			isa = PBXNativeTarget;
			buildConfigurationList = EB653FC81A83C7E40015430D /* Build configuration list for PBXNativeTarget "TestViewController" */;
			buildPhases = (
				EB653FA51A83C7E40015430D /* Sources */,
				EB653FA61A83C7E40015430D /* Frameworks */,
				EB653FA71A83C7E40015430D /* Resources */,
			);
			buildRules = (
			);
			dependencies = (
			);
			name = TestViewController;
			productName = TestViewController;
			productReference = EB653FA91A83C7E40015430D /* TestViewController.app */;
			productType = "com.apple.product-type.application";
		};
		EB653FBD1A83C7E40015430D /* TestViewControllerTests */ = {
			isa = PBXNativeTarget;
			buildConfigurationList = EB653FCB1A83C7E40015430D /* Build configuration list for PBXNativeTarget "TestViewControllerTests" */;
			buildPhases = (
				EB653FBA1A83C7E40015430D /* Sources */,
				EB653FBB1A83C7E40015430D /* Frameworks */,
				EB653FBC1A83C7E40015430D /* Resources */,
			);
			buildRules = (
			);
			dependencies = (
				EB653FC01A83C7E40015430D /* PBXTargetDependency */,
			);
			name = TestViewControllerTests;
			productName = TestViewControllerTests;
			productReference = EB653FBE1A83C7E40015430D /* TestViewControllerTests.xctest */;
			productType = "com.apple.product-type.bundle.unit-test";
		};
/* End PBXNativeTarget section */

/* Begin PBXProject section */
		EB653FA11A83C7E40015430D /* Project object */ = {
			isa = PBXProject;
			attributes = {
				LastUpgradeCheck = 0610;
				ORGANIZATIONNAME = "Van Olmen, Marc";
				TargetAttributes = {
					EB653FA81A83C7E40015430D = {
						CreatedOnToolsVersion = 6.1.1;
					};
					EB653FBD1A83C7E40015430D = {
						CreatedOnToolsVersion = 6.1.1;
						TestTargetID = EB653FA81A83C7E40015430D;
					};
				};
			};
			buildConfigurationList = EB653FA41A83C7E40015430D /* Build configuration list for PBXProject "TestViewController" */;
			compatibilityVersion = "Xcode 3.2";
			developmentRegion = English;
			hasScannedForEncodings = 0;
			knownRegions = (
				en,
				Base,
			);
			mainGroup = EB653FA01A83C7E40015430D;
			productRefGroup = EB653FAA1A83C7E40015430D /* Products */;
			projectDirPath = "";
			projectRoot = "";
			targets = (
				EB653FA81A83C7E40015430D /* TestViewController */,
				EB653FBD1A83C7E40015430D /* TestViewControllerTests */,
			);
		};
/* End PBXProject section */

/* Begin PBXResourcesBuildPhase section */
		EB653FA71A83C7E40015430D /* Resources */ = {
			isa = PBXResourcesBuildPhase;
			buildActionMask = 2147483647;
			files = (
				EB653FB41A83C7E40015430D /* Main.storyboard in Resources */,
				EB653FB91A83C7E40015430D /* LaunchScreen.xib in Resources */,
				EB653FB61A83C7E40015430D /* Images.xcassets in Resources */,
			);
			runOnlyForDeploymentPostprocessing = 0;
		};
		EB653FBC1A83C7E40015430D /* Resources */ = {
			isa = PBXResourcesBuildPhase;
			buildActionMask = 2147483647;
			files = (
			);
			runOnlyForDeploymentPostprocessing = 0;
		};
/* End PBXResourcesBuildPhase section */

/* Begin PBXSourcesBuildPhase section */
		EB653FA51A83C7E40015430D /* Sources */ = {
			isa = PBXSourcesBuildPhase;
			buildActionMask = 2147483647;
			files = (
				EB653FB11A83C7E40015430D /* ViewController.swift in Sources */,
				EB653FAF1A83C7E40015430D /* AppDelegate.swift in Sources */,
				EB653FCF1A83C82C0015430D /* MyOtherViewController.swift in Sources */,
			);
			runOnlyForDeploymentPostprocessing = 0;
		};
		EB653FBA1A83C7E40015430D /* Sources */ = {
			isa = PBXSourcesBuildPhase;
			buildActionMask = 2147483647;
			files = (
				EB653FC51A83C7E40015430D /* TestViewControllerTests.swift in Sources */,
			);
			runOnlyForDeploymentPostprocessing = 0;
		};
/* End PBXSourcesBuildPhase section */

/* Begin PBXTargetDependency section */
		EB653FC01A83C7E40015430D /* PBXTargetDependency */ = {
			isa = PBXTargetDependency;
			target = EB653FA81A83C7E40015430D /* TestViewController */;
			targetProxy = EB653FBF1A83C7E40015430D /* PBXContainerItemProxy */;
		};
/* End PBXTargetDependency section */

/* Begin PBXVariantGroup section */
		EB653FB21A83C7E40015430D /* Main.storyboard */ = {
			isa = PBXVariantGroup;
			children = (
				EB653FB31A83C7E40015430D /* Base */,
			);
			name = Main.storyboard;
			sourceTree = "<group>";
		};
		EB653FB71A83C7E40015430D /* LaunchScreen.xib */ = {
			isa = PBXVariantGroup;
			children = (
				EB653FB81A83C7E40015430D /* Base */,
			);
			name = LaunchScreen.xib;
			sourceTree = "<group>";
		};
/* End PBXVariantGroup section */

/* Begin XCBuildConfiguration section */
		EB653FC61A83C7E40015430D /* Debug */ = {
			isa = XCBuildConfiguration;
			buildSettings = {
				ALWAYS_SEARCH_USER_PATHS = NO;
				CLANG_CXX_LANGUAGE_STANDARD = "gnu++0x";
				CLANG_CXX_LIBRARY = "libc++";
				CLANG_ENABLE_MODULES = YES;
				CLANG_ENABLE_OBJC_ARC = YES;
				CLANG_WARN_BOOL_CONVERSION = YES;
				CLANG_WARN_CONSTANT_CONVERSION = YES;
				CLANG_WARN_DIRECT_OBJC_ISA_USAGE = YES_ERROR;
				CLANG_WARN_EMPTY_BODY = YES;
				CLANG_WARN_ENUM_CONVERSION = YES;
				CLANG_WARN_INT_CONVERSION = YES;
				CLANG_WARN_OBJC_ROOT_CLASS = YES_ERROR;
				CLANG_WARN_UNREACHABLE_CODE = YES;
				CLANG_WARN__DUPLICATE_METHOD_MATCH = YES;
				"CODE_SIGN_IDENTITY[sdk=iphoneos*]" = "iPhone Developer";
				COPY_PHASE_STRIP = NO;
				ENABLE_STRICT_OBJC_MSGSEND = YES;
				GCC_C_LANGUAGE_STANDARD = gnu99;
				GCC_DYNAMIC_NO_PIC = NO;
				GCC_OPTIMIZATION_LEVEL = 0;
				GCC_PREPROCESSOR_DEFINITIONS = (
					"DEBUG=1",
					"$(inherited)",
				);
				GCC_SYMBOLS_PRIVATE_EXTERN = NO;
				GCC_WARN_64_TO_32_BIT_CONVERSION = YES;
				GCC_WARN_ABOUT_RETURN_TYPE = YES_ERROR;
				GCC_WARN_UNDECLARED_SELECTOR = YES;
				GCC_WARN_UNINITIALIZED_AUTOS = YES_AGGRESSIVE;
				GCC_WARN_UNUSED_FUNCTION = YES;
				GCC_WARN_UNUSED_VARIABLE = YES;
				IPHONEOS_DEPLOYMENT_TARGET = 8.1;
				MTL_ENABLE_DEBUG_INFO = YES;
				ONLY_ACTIVE_ARCH = YES;
				SDKROOT = iphoneos;
				SWIFT_OPTIMIZATION_LEVEL = "-Onone";
				TARGETED_DEVICE_FAMILY = "1,2";
			};
			name = Debug;
		};
		EB653FC71A83C7E40015430D /* Release */ = {
			isa = XCBuildConfiguration;
			buildSettings = {
				ALWAYS_SEARCH_USER_PATHS = NO;
				CLANG_CXX_LANGUAGE_STANDARD = "gnu++0x";
				CLANG_CXX_LIBRARY = "libc++";
				CLANG_ENABLE_MODULES = YES;
				CLANG_ENABLE_OBJC_ARC = YES;
				CLANG_WARN_BOOL_CONVERSION = YES;
				CLANG_WARN_CONSTANT_CONVERSION = YES;
				CLANG_WARN_DIRECT_OBJC_ISA_USAGE = YES_ERROR;
				CLANG_WARN_EMPTY_BODY = YES;
				CLANG_WARN_ENUM_CONVERSION = YES;
				CLANG_WARN_INT_CONVERSION = YES;
				CLANG_WARN_OBJC_ROOT_CLASS = YES_ERROR;
				CLANG_WARN_UNREACHABLE_CODE = YES;
				CLANG_WARN__DUPLICATE_METHOD_MATCH = YES;
				"CODE_SIGN_IDENTITY[sdk=iphoneos*]" = "iPhone Developer";
				COPY_PHASE_STRIP = YES;
				ENABLE_NS_ASSERTIONS = NO;
				ENABLE_STRICT_OBJC_MSGSEND = YES;
				GCC_C_LANGUAGE_STANDARD = gnu99;
				GCC_WARN_64_TO_32_BIT_CONVERSION = YES;
				GCC_WARN_ABOUT_RETURN_TYPE = YES_ERROR;
				GCC_WARN_UNDECLARED_SELECTOR = YES;
				GCC_WARN_UNINITIALIZED_AUTOS = YES_AGGRESSIVE;
				GCC_WARN_UNUSED_FUNCTION = YES;
				GCC_WARN_UNUSED_VARIABLE = YES;
				IPHONEOS_DEPLOYMENT_TARGET = 8.1;
				MTL_ENABLE_DEBUG_INFO = NO;
				SDKROOT = iphoneos;
				TARGETED_DEVICE_FAMILY = "1,2";
				VALIDATE_PRODUCT = YES;
			};
			name = Release;
		};
		EB653FC91A83C7E40015430D /* Debug */ = {
			isa = XCBuildConfiguration;
			buildSettings = {
				ASSETCATALOG_COMPILER_APPICON_NAME = AppIcon;
				INFOPLIST_FILE = TestViewController/Info.plist;
				LD_RUNPATH_SEARCH_PATHS = "$(inherited) @executable_path/Frameworks";
				PRODUCT_NAME = "$(TARGET_NAME)";
			};
			name = Debug;
		};
		EB653FCA1A83C7E40015430D /* Release */ = {
			isa = XCBuildConfiguration;
			buildSettings = {
				ASSETCATALOG_COMPILER_APPICON_NAME = AppIcon;
				INFOPLIST_FILE = TestViewController/Info.plist;
				LD_RUNPATH_SEARCH_PATHS = "$(inherited) @executable_path/Frameworks";
				PRODUCT_NAME = "$(TARGET_NAME)";
			};
			name = Release;
		};
		EB653FCC1A83C7E40015430D /* Debug */ = {
			isa = XCBuildConfiguration;
			buildSettings = {
				BUNDLE_LOADER = "$(TEST_HOST)";
				FRAMEWORK_SEARCH_PATHS = (
					"$(SDKROOT)/Developer/Library/Frameworks",
					"$(inherited)",
				);
				GCC_PREPROCESSOR_DEFINITIONS = (
					"DEBUG=1",
					"$(inherited)",
				);
				INFOPLIST_FILE = TestViewControllerTests/Info.plist;
				LD_RUNPATH_SEARCH_PATHS = "$(inherited) @executable_path/Frameworks @loader_path/Frameworks";
				PRODUCT_NAME = "$(TARGET_NAME)";
				TEST_HOST = "$(BUILT_PRODUCTS_DIR)/TestViewController.app/TestViewController";
			};
			name = Debug;
		};
		EB653FCD1A83C7E40015430D /* Release */ = {
			isa = XCBuildConfiguration;
			buildSettings = {
				BUNDLE_LOADER = "$(TEST_HOST)";
				FRAMEWORK_SEARCH_PATHS = (
					"$(SDKROOT)/Developer/Library/Frameworks",
					"$(inherited)",
				);
				INFOPLIST_FILE = TestViewControllerTests/Info.plist;
				LD_RUNPATH_SEARCH_PATHS = "$(inherited) @executable_path/Frameworks @loader_path/Frameworks";
				PRODUCT_NAME = "$(TARGET_NAME)";
				TEST_HOST = "$(BUILT_PRODUCTS_DIR)/TestViewController.app/TestViewController";
			};
			name = Release;
		};
/* End XCBuildConfiguration section */

/* Begin XCConfigurationList section */
		EB653FA41A83C7E40015430D /* Build configuration list for PBXProject "TestViewController" */ = {
			isa = XCConfigurationList;
			buildConfigurations = (
				EB653FC61A83C7E40015430D /* Debug */,
				EB653FC71A83C7E40015430D /* Release */,
			);
			defaultConfigurationIsVisible = 0;
			defaultConfigurationName = Release;
		};
		EB653FC81A83C7E40015430D /* Build configuration list for PBXNativeTarget "TestViewController" */ = {
			isa = XCConfigurationList;
			buildConfigurations = (
				EB653FC91A83C7E40015430D /* Debug */,
				EB653FCA1A83C7E40015430D /* Release */,
			);
			defaultConfigurationIsVisible = 0;
		};
		EB653FCB1A83C7E40015430D /* Build configuration list for PBXNativeTarget "TestViewControllerTests" */ = {
			isa = XCConfigurationList;
			buildConfigurations = (
				EB653FCC1A83C7E40015430D /* Debug */,
				EB653FCD1A83C7E40015430D /* Release */,
			);
			defaultConfigurationIsVisible = 0;
		};
/* End XCConfigurationList section */
	};
	rootObject = EB653FA11A83C7E40015430D /* Project object */;
}
